schema: '2.0'
stages:
  validate_data:
    cmd: python scripts/validate_data.py
    deps:
    - path: data/housing.csv
      hash: md5
      md5: 82c83c6b0f7db7201801356512bb20ae
      size: 25996
    - path: scripts/validate_data.py
      hash: md5
      md5: 74c572822052291981fcf7b7c7fc4be3
      size: 7081
    outs:
    - path: reports/data_validation_report.json
      hash: md5
      md5: 80e20b76bb7e66cec44c450f914aff6e
      size: 2703
  train_model:
    cmd: python scripts/train_model.py
    deps:
    - path: config/model_config.yaml
      hash: md5
      md5: d014e3ba2fb8d51aa69462fee8b57945
      size: 325
    - path: data/housing.csv
      hash: md5
      md5: 82c83c6b0f7db7201801356512bb20ae
      size: 25996
    - path: scripts/train_model.py
      hash: md5
      md5: 39f5ac3de198194a12dce1d0f9671fe8
      size: 6020
    outs:
    - path: models/metrics.json
      hash: md5
      md5: 5efadee9126435c8e50e97b80b2b5552
      size: 87
    - path: models/model.pkl
      hash: md5
      md5: 3788f8d138f41c5a58e2e51df96a2bcb
      size: 1561500
    - path: reports/training_report.json
      hash: md5
      md5: 1d4e5d272b37ce12c30d8c740267ffee
      size: 822
  evaluate_model:
    cmd: python scripts/evaluate_model.py
    deps:
    - path: data/housing.csv
      hash: md5
      md5: 82c83c6b0f7db7201801356512bb20ae
      size: 25996
    - path: models/model.pkl
      hash: md5
      md5: 3788f8d138f41c5a58e2e51df96a2bcb
      size: 1561500
    - path: scripts/evaluate_model.py
      hash: md5
      md5: 1e289cf3289d120e971d72924c113ee1
      size: 4827
    outs:
    - path: reports/evaluation_report.json
      hash: md5
      md5: 5b558390188de1f66384203e9600b059
      size: 924
    - path: reports/feature_importance.png
      hash: md5
      md5: d6122b7c15f82cbbe9c78eb991035379
      size: 41684
