schema: '2.0'
stages:
  validate_data:
    cmd: python scripts/validate_data.py
    deps:
    - path: data/housing.csv
      hash: md5
      md5: 90f9868afc6cb4bbe1f761235d5d5fcf
      size: 26287
    - path: scripts/validate_data.py
      hash: md5
      md5: 74c572822052291981fcf7b7c7fc4be3
      size: 7081
    outs:
    - path: reports/data_validation_report.json
      hash: md5
      md5: 7d53fd867fbcaf1dc971ab90d5aee857
      size: 2704
  train_model:
    cmd: python scripts/train_model.py
    deps:
    - path: config/model_config.yaml
      hash: md5
      md5: d014e3ba2fb8d51aa69462fee8b57945
      size: 325
    - path: data/housing.csv
      hash: md5
      md5: 90f9868afc6cb4bbe1f761235d5d5fcf
      size: 26287
    - path: scripts/train_model.py
      hash: md5
      md5: 39f5ac3de198194a12dce1d0f9671fe8
      size: 6020
    outs:
    - path: models/metrics.json
      hash: md5
      md5: 28a9346f372c00003749479aca200a1a
      size: 88
    - path: models/model.pkl
      hash: md5
      md5: 64a55fcb73b5068494019bbbaef9155a
      size: 1564092
    - path: reports/training_report.json
      hash: md5
      md5: beb0bb7ff7c904d2921f13b7bdb268d5
      size: 823
  evaluate_model:
    cmd: python scripts/evaluate_model.py
    deps:
    - path: data/housing.csv
      hash: md5
      md5: 90f9868afc6cb4bbe1f761235d5d5fcf
      size: 26287
    - path: models/model.pkl
      hash: md5
      md5: 64a55fcb73b5068494019bbbaef9155a
      size: 1564092
    - path: scripts/evaluate_model.py
      hash: md5
      md5: 1e289cf3289d120e971d72924c113ee1
      size: 4827
    outs:
    - path: reports/evaluation_report.json
      hash: md5
      md5: cf8d240726e97ab80dd399ec73c6cecc
      size: 922
    - path: reports/feature_importance.png
      hash: md5
      md5: b5028bdac837065a9bc1284391f9cbd3
      size: 40678
